// !$*UTF8*$!
{
	archiveVersion = 1;
	classes = {
	};
	objectVersion = 50;
	objects = {

/* Begin PBXBuildFile section */
		640444D622A1537D0001EED4 /* AppDelegate.swift in Sources */ = {isa = PBXBuildFile; fileRef = 640444D522A1537D0001EED4 /* AppDelegate.swift */; };
		640444D822A1537D0001EED4 /* ViewController.swift in Sources */ = {isa = PBXBuildFile; fileRef = 640444D722A1537D0001EED4 /* ViewController.swift */; };
		640444DB22A1537D0001EED4 /* Main.storyboard in Resources */ = {isa = PBXBuildFile; fileRef = 640444D922A1537D0001EED4 /* Main.storyboard */; };
		640444DD22A1537D0001EED4 /* Assets.xcassets in Resources */ = {isa = PBXBuildFile; fileRef = 640444DC22A1537D0001EED4 /* Assets.xcassets */; };
		640444E022A1537D0001EED4 /* LaunchScreen.storyboard in Resources */ = {isa = PBXBuildFile; fileRef = 640444DE22A1537D0001EED4 /* LaunchScreen.storyboard */; };
		640444E922A154800001EED4 /* XMAlertSheetController.swift in Sources */ = {isa = PBXBuildFile; fileRef = 640444E822A154800001EED4 /* XMAlertSheetController.swift */; };
		640444ED22A154C20001EED4 /* XMAlertSheetController.xib in Resources */ = {isa = PBXBuildFile; fileRef = 640444EC22A154C20001EED4 /* XMAlertSheetController.xib */; };
		640444EF22A155030001EED4 /* XMAlertAction.swift in Sources */ = {isa = PBXBuildFile; fileRef = 640444EE22A155030001EED4 /* XMAlertAction.swift */; };
		64EF7ECD22AA07E000C96D54 /* demo.png in Resources */ = {isa = PBXBuildFile; fileRef = 64EF7ECC22AA07E000C96D54 /* demo.png */; };
/* End PBXBuildFile section */

/* Begin PBXFileReference section */
		640444D222A1537D0001EED4 /* XMAlertSheetController.app */ = {isa = PBXFileReference; explicitFileType = wrapper.application; includeInIndex = 0; path = XMAlertSheetController.app; sourceTree = BUILT_PRODUCTS_DIR; };
		640444D522A1537D0001EED4 /* AppDelegate.swift */ = {isa = PBXFileReference; lastKnownFileType = sourcecode.swift; path = AppDelegate.swift; sourceTree = "<group>"; };
		640444D722A1537D0001EED4 /* ViewController.swift */ = {isa = PBXFileReference; lastKnownFileType = sourcecode.swift; path = ViewController.swift; sourceTree = "<group>"; };
		640444DA22A1537D0001EED4 /* Base */ = {isa = PBXFileReference; lastKnownFileType = file.storyboard; name = Base; path = Base.lproj/Main.storyboard; sourceTree = "<group>"; };
		640444DC22A1537D0001EED4 /* Assets.xcassets */ = {isa = PBXFileReference; lastKnownFileType = folder.assetcatalog; path = Assets.xcassets; sourceTree = "<group>"; };
		640444DF22A1537D0001EED4 /* Base */ = {isa = PBXFileReference; lastKnownFileType = file.storyboard; name = Base; path = Base.lproj/LaunchScreen.storyboard; sourceTree = "<group>"; };
		640444E122A1537D0001EED4 /* Info.plist */ = {isa = PBXFileReference; lastKnownFileType = text.plist.xml; path = Info.plist; sourceTree = "<group>"; };
		640444E822A154800001EED4 /* XMAlertSheetController.swift */ = {isa = PBXFileReference; lastKnownFileType = sourcecode.swift; path = XMAlertSheetController.swift; sourceTree = "<group>"; };
		640444EC22A154C20001EED4 /* XMAlertSheetController.xib */ = {isa = PBXFileReference; lastKnownFileType = file.xib; path = XMAlertSheetController.xib; sourceTree = "<group>"; };
		640444EE22A155030001EED4 /* XMAlertAction.swift */ = {isa = PBXFileReference; lastKnownFileType = sourcecode.swift; path = XMAlertAction.swift; sourceTree = "<group>"; };
		64EF7ECC22AA07E000C96D54 /* demo.png */ = {isa = PBXFileReference; lastKnownFileType = image.png; path = demo.png; sourceTree = "<group>"; };
/* End PBXFileReference section */

/* Begin PBXFrameworksBuildPhase section */
		640444CF22A1537D0001EED4 /* Frameworks */ = {
			isa = PBXFrameworksBuildPhase;
			buildActionMask = 2147483647;
			files = (
			);
			runOnlyForDeploymentPostprocessing = 0;
		};
/* End PBXFrameworksBuildPhase section */

/* Begin PBXGroup section */
		640444C922A1537D0001EED4 = {
			isa = PBXGroup;
			children = (
				640444D422A1537D0001EED4 /* XMAlertSheetController */,
				640444D322A1537D0001EED4 /* Products */,
			);
			sourceTree = "<group>";
		};
		640444D322A1537D0001EED4 /* Products */ = {
			isa = PBXGroup;
			children = (
				640444D222A1537D0001EED4 /* XMAlertSheetController.app */,
			);
			name = Products;
			sourceTree = "<group>";
		};
		640444D422A1537D0001EED4 /* XMAlertSheetController */ = {
			isa = PBXGroup;
			children = (
				640444E722A154450001EED4 /* AlertSheet */,
				640444D522A1537D0001EED4 /* AppDelegate.swift */,
				640444D722A1537D0001EED4 /* ViewController.swift */,
				640444D922A1537D0001EED4 /* Main.storyboard */,
				640444DC22A1537D0001EED4 /* Assets.xcassets */,
				64EF7ECC22AA07E000C96D54 /* demo.png */,
				640444DE22A1537D0001EED4 /* LaunchScreen.storyboard */,
				640444E122A1537D0001EED4 /* Info.plist */,
			);
			path = XMAlertSheetController;
			sourceTree = "<group>";
		};
		640444E722A154450001EED4 /* AlertSheet */ = {
			isa = PBXGroup;
			children = (
				640444EE22A155030001EED4 /* XMAlertAction.swift */,
				640444E822A154800001EED4 /* XMAlertSheetController.swift */,
				640444EC22A154C20001EED4 /* XMAlertSheetController.xib */,
			);
			path = AlertSheet;
			sourceTree = "<group>";
		};
/* End PBXGroup section */

/* Begin PBXNativeTarget section */
		640444D122A1537D0001EED4 /* XMAlertSheetController */ = {
			isa = PBXNativeTarget;
			buildConfigurationList = 640444E422A1537D0001EED4 /* Build configuration list for PBXNativeTarget "XMAlertSheetController" */;
			buildPhases = (
				640444CE22A1537D0001EED4 /* Sources */,
				640444CF22A1537D0001EED4 /* Frameworks */,
				640444D022A1537D0001EED4 /* Resources */,
			);
			buildRules = (
			);
			dependencies = (
			);
			name = XMAlertSheetController;
			productName = XMAlertSheetController;
			productReference = 640444D222A1537D0001EED4 /* XMAlertSheetController.app */;
			productType = "com.apple.product-type.application";
		};
/* End PBXNativeTarget section */

/* Begin PBXProject section */
		640444CA22A1537D0001EED4 /* Project object */ = {
			isa = PBXProject;
			attributes = {
				LastSwiftUpdateCheck = 1010;
				LastUpgradeCheck = 1010;
				ORGANIZATIONNAME = Mazy;
				TargetAttributes = {
					640444D122A1537D0001EED4 = {
						CreatedOnToolsVersion = 10.1;
					};
				};
			};
			buildConfigurationList = 640444CD22A1537D0001EED4 /* Build configuration list for PBXProject "XMAlertSheetController" */;
			compatibilityVersion = "Xcode 9.3";
			developmentRegion = en;
			hasScannedForEncodings = 0;
			knownRegions = (
				en,
				Base,
			);
			mainGroup = 640444C922A1537D0001EED4;
			productRefGroup = 640444D322A1537D0001EED4 /* Products */;
			projectDirPath = "";
			projectRoot = "";
			targets = (
				640444D122A1537D0001EED4 /* XMAlertSheetController */,
			);
		};
/* End PBXProject section */

/* Begin PBXResourcesBuildPhase section */
		640444D022A1537D0001EED4 /* Resources */ = {
			isa = PBXResourcesBuildPhase;
			buildActionMask = 2147483647;
			files = (
				640444ED22A154C20001EED4 /* XMAlertSheetController.xib in Resources */,
				64EF7ECD22AA07E000C96D54 /* demo.png in Resources */,
				640444E022A1537D0001EED4 /* LaunchScreen.storyboard in Resources */,
				640444DD22A1537D0001EED4 /* Assets.xcassets in Resources */,
				640444DB22A1537D0001EED4 /* Main.storyboard in Resources */,
			);
			runOnlyForDeploymentPostprocessing = 0;
		};
/* End PBXResourcesBuildPhase section */

/* Begin PBXSourcesBuildPhase section */
		640444CE22A1537D0001EED4 /* Sources */ = {
			isa = PBXSourcesBuildPhase;
			buildActionMask = 2147483647;
			files = (
				640444D822A1537D0001EED4 /* ViewController.swift in Sources */,
				640444EF22A155030001EED4 /* XMAlertAction.swift in Sources */,
				640444E922A154800001EED4 /* XMAlertSheetController.swift in Sources */,
				640444D622A1537D0001EED4 /* AppDelegate.swift in Sources */,
			);
			runOnlyForDeploymentPostprocessing = 0;
		};
/* End PBXSourcesBuildPhase section */

/* Begin PBXVariantGroup section */
		640444D922A1537D0001EED4 /* Main.storyboard */ = {
			isa = PBXVariantGroup;
			children = (
				640444DA22A1537D0001EED4 /* Base */,
			);
			name = Main.storyboard;
			sourceTree = "<group>";
		};
		640444DE22A1537D0001EED4 /* LaunchScreen.storyboard */ = {
			isa = PBXVariantGroup;
			children = (
				640444DF22A1537D0001EED4 /* Base */,
			);
			name = LaunchScreen.storyboard;
			sourceTree = "<group>";
		};
/* End PBXVariantGroup section */

/* Begin XCBuildConfiguration section */
		640444E222A1537D0001EED4 /* Debug */ = {
			isa = XCBuildConfiguration;
			buildSettings = {
				ALWAYS_SEARCH_USER_PATHS = NO;
				CLANG_ANALYZER_NONNULL = YES;
				CLANG_ANALYZER_NUMBER_OBJECT_CONVERSION = YES_AGGRESSIVE;
				CLANG_CXX_LANGUAGE_STANDARD = "gnu++14";
				CLANG_CXX_LIBRARY = "libc++";
				CLANG_ENABLE_MODULES = YES;
				CLANG_ENABLE_OBJC_ARC = YES;
				CLANG_ENABLE_OBJC_WEAK = YES;
				CLANG_WARN_BLOCK_CAPTURE_AUTORELEASING = YES;
				CLANG_WARN_BOOL_CONVERSION = YES;
				CLANG_WARN_COMMA = YES;
				CLANG_WARN_CONSTANT_CONVERSION = YES;
				CLANG_WARN_DEPRECATED_OBJC_IMPLEMENTATIONS = YES;
				CLANG_WARN_DIRECT_OBJC_ISA_USAGE = YES_ERROR;
				CLANG_WARN_DOCUMENTATION_COMMENTS = YES;
				CLANG_WARN_EMPTY_BODY = YES;
				CLANG_WARN_ENUM_CONVERSION = YES;
				CLANG_WARN_INFINITE_RECURSION = YES;
				CLANG_WARN_INT_CONVERSION = YES;
				CLANG_WARN_NON_LITERAL_NULL_CONVERSION = YES;
				CLANG_WARN_OBJC_IMPLICIT_RETAIN_SELF = YES;
				CLANG_WARN_OBJC_LITERAL_CONVERSION = YES;
				CLANG_WARN_OBJC_ROOT_CLASS = YES_ERROR;
				CLANG_WARN_RANGE_LOOP_ANALYSIS = YES;
				CLANG_WARN_STRICT_PROTOTYPES = YES;
				CLANG_WARN_SUSPICIOUS_MOVE = YES;
				CLANG_WARN_UNGUARDED_AVAILABILITY = YES_AGGRESSIVE;
				CLANG_WARN_UNREACHABLE_CODE = YES;
				CLANG_WARN__DUPLICATE_METHOD_MATCH = YES;
				CODE_SIGN_IDENTITY = "iPhone Developer";
				COPY_PHASE_STRIP = NO;
				DEBUG_INFORMATION_FORMAT = dwarf;
				ENABLE_STRICT_OBJC_MSGSEND = YES;
				ENABLE_TESTABILITY = YES;
				GCC_C_LANGUAGE_STANDARD = gnu11;
				GCC_DYNAMIC_NO_PIC = NO;
				GCC_NO_COMMON_BLOCKS = YES;
				GCC_OPTIMIZATION_LEVEL = 0;
				GCC_PREPROCESSOR_DEFINITIONS = (
					"DEBUG=1",
					"$(inherited)",
				);
				GCC_WARN_64_TO_32_BIT_CONVERSION = YES;
				GCC_WARN_ABOUT_RETURN_TYPE = YES_ERROR;
				GCC_WARN_UNDECLARED_SELECTOR = YES;
				GCC_WARN_UNINITIALIZED_AUTOS = YES_AGGRESSIVE;
				GCC_WARN_UNUSED_FUNCTION = YES;
				GCC_WARN_UNUSED_VARIABLE = YES;
				IPHONEOS_DEPLOYMENT_TARGET = 12.1;
				MTL_ENABLE_DEBUG_INFO = INCLUDE_SOURCE;
				MTL_FAST_MATH = YES;
				ONLY_ACTIVE_ARCH = YES;
				SDKROOT = iphoneos;
				SWIFT_ACTIVE_COMPILATION_CONDITIONS = DEBUG;
				SWIFT_OPTIMIZATION_LEVEL = "-Onone";
			};
			name = Debug;
		};
		640444E322A1537D0001EED4 /* Release */ = {
			isa = XCBuildConfiguration;
			buildSettings = {
				ALWAYS_SEARCH_USER_PATHS = NO;
				CLANG_ANALYZER_NONNULL = YES;
				CLANG_ANALYZER_NUMBER_OBJECT_CONVERSION = YES_AGGRESSIVE;
				CLANG_CXX_LANGUAGE_STANDARD = "gnu++14";
				CLANG_CXX_LIBRARY = "libc++";
				CLANG_ENABLE_MODULES = YES;
				CLANG_ENABLE_OBJC_ARC = YES;
				CLANG_ENABLE_OBJC_WEAK = YES;
				CLANG_WARN_BLOCK_CAPTURE_AUTORELEASING = YES;
				CLANG_WARN_BOOL_CONVERSION = YES;
				CLANG_WARN_COMMA = YES;
				CLANG_WARN_CONSTANT_CONVERSION = YES;
				CLANG_WARN_DEPRECATED_OBJC_IMPLEMENTATIONS = YES;
				CLANG_WARN_DIRECT_OBJC_ISA_USAGE = YES_ERROR;
				CLANG_WARN_DOCUMENTATION_COMMENTS = YES;
				CLANG_WARN_EMPTY_BODY = YES;
				CLANG_WARN_ENUM_CONVERSION = YES;
				CLANG_WARN_INFINITE_RECURSION = YES;
				CLANG_WARN_INT_CONVERSION = YES;
				CLANG_WARN_NON_LITERAL_NULL_CONVERSION = YES;
				CLANG_WARN_OBJC_IMPLICIT_RETAIN_SELF = YES;
				CLANG_WARN_OBJC_LITERAL_CONVERSION = YES;
				CLANG_WARN_OBJC_ROOT_CLASS = YES_ERROR;
				CLANG_WARN_RANGE_LOOP_ANALYSIS = YES;
				CLANG_WARN_STRICT_PROTOTYPES = YES;
				CLANG_WARN_SUSPICIOUS_MOVE = YES;
				CLANG_WARN_UNGUARDED_AVAILABILITY = YES_AGGRESSIVE;
				CLANG_WARN_UNREACHABLE_CODE = YES;
				CLANG_WARN__DUPLICATE_METHOD_MATCH = YES;
				CODE_SIGN_IDENTITY = "iPhone Developer";
				COPY_PHASE_STRIP = NO;
				DEBUG_INFORMATION_FORMAT = "dwarf-with-dsym";
				ENABLE_NS_ASSERTIONS = NO;
				ENABLE_STRICT_OBJC_MSGSEND = YES;
				GCC_C_LANGUAGE_STANDARD = gnu11;
				GCC_NO_COMMON_BLOCKS = YES;
				GCC_WARN_64_TO_32_BIT_CONVERSION = YES;
				GCC_WARN_ABOUT_RETURN_TYPE = YES_ERROR;
				GCC_WARN_UNDECLARED_SELECTOR = YES;
				GCC_WARN_UNINITIALIZED_AUTOS = YES_AGGRESSIVE;
				GCC_WARN_UNUSED_FUNCTION = YES;
				GCC_WARN_UNUSED_VARIABLE = YES;
				IPHONEOS_DEPLOYMENT_TARGET = 12.1;
				MTL_ENABLE_DEBUG_INFO = NO;
				MTL_FAST_MATH = YES;
				SDKROOT = iphoneos;
				SWIFT_COMPILATION_MODE = wholemodule;
				SWIFT_OPTIMIZATION_LEVEL = "-O";
				VALIDATE_PRODUCT = YES;
			};
			name = Release;
		};
		640444E522A1537D0001EED4 /* Debug */ = {
			isa = XCBuildConfiguration;
			buildSettings = {
				ASSETCATALOG_COMPILER_APPICON_NAME = AppIcon;
				CODE_SIGN_STYLE = Automatic;
				DEVELOPMENT_TEAM = WN65XWFSMX;
				INFOPLIST_FILE = XMAlertSheetController/Info.plist;
				LD_RUNPATH_SEARCH_PATHS = (
					"$(inherited)",
					"@executable_path/Frameworks",
				);
				PRODUCT_BUNDLE_IDENTIFIER = mazy.XMAlertSheetController;
				PRODUCT_NAME = "$(TARGET_NAME)";
				SWIFT_VERSION = 4.0;
				TARGETED_DEVICE_FAMILY = "1,2";
			};
			name = Debug;
		};
		640444E622A1537D0001EED4 /* Release */ = {
			isa = XCBuildConfiguration;
			buildSettings = {
				ASSETCATALOG_COMPILER_APPICON_NAME = AppIcon;
				CODE_SIGN_STYLE = Automatic;
				DEVELOPMENT_TEAM = WN65XWFSMX;
				INFOPLIST_FILE = XMAlertSheetController/Info.plist;
				LD_RUNPATH_SEARCH_PATHS = (
					"$(inherited)",
					"@executable_path/Frameworks",
				);
				PRODUCT_BUNDLE_IDENTIFIER = mazy.XMAlertSheetController;
				PRODUCT_NAME = "$(TARGET_NAME)";
				SWIFT_VERSION = 4.0;
				TARGETED_DEVICE_FAMILY = "1,2";
			};
			name = Release;
		};
/* End XCBuildConfiguration section */

/* Begin XCConfigurationList section */
		640444CD22A1537D0001EED4 /* Build configuration list for PBXProject "XMAlertSheetController" */ = {
			isa = XCConfigurationList;
			buildConfigurations = (
				640444E222A1537D0001EED4 /* Debug */,
				640444E322A1537D0001EED4 /* Release */,
			);
			defaultConfigurationIsVisible = 0;
			defaultConfigurationName = Release;
		};
		640444E422A1537D0001EED4 /* Build configuration list for PBXNativeTarget "XMAlertSheetController" */ = {
			isa = XCConfigurationList;
			buildConfigurations = (
				640444E522A1537D0001EED4 /* Debug */,
				640444E622A1537D0001EED4 /* Release */,
			);
			defaultConfigurationIsVisible = 0;
			defaultConfigurationName = Release;
		};
/* End XCConfigurationList section */
	};
	rootObject = 640444CA22A1537D0001EED4 /* Project object */;
}
